
Microsoft Visual Studio Solution File, Format Version 12.00
# Visual Studio Version 17
VisualStudioVersion = 17.14.36623.8 d17.14
MinimumVisualStudioVersion = 10.0.40219.1
Project("{FAE04EC0-301F-11D3-BF4B-00C04F79EFBC}") = "BackendFinalBossCegep", "BackendFinalBossCegep\BackendFinalBossCegep.csproj", "{ED0E8D8A-24A3-45B7-882D-D80E7988927D}"
EndProject
Global
	GlobalSection(SolutionConfigurationPlatforms) = preSolution
		Debug|Any CPU = Debug|Any CPU
		Release|Any CPU = Release|Any CPU
	EndGlobalSection
	GlobalSection(ProjectConfigurationPlatforms) = postSolution
		{ED0E8D8A-24A3-45B7-882D-D80E7988927D}.Debug|Any CPU.ActiveCfg = Debug|Any CPU
		{ED0E8D8A-24A3-45B7-882D-D80E7988927D}.Debug|Any CPU.Build.0 = Debug|Any CPU
		{ED0E8D8A-24A3-45B7-882D-D80E7988927D}.Release|Any CPU.ActiveCfg = Release|Any CPU
		{ED0E8D8A-24A3-45B7-882D-D80E7988927D}.Release|Any CPU.Build.0 = Release|Any CPU
	EndGlobalSection
	GlobalSection(SolutionProperties) = preSolution
		HideSolutionNode = FALSE
	EndGlobalSection
	GlobalSection(ExtensibilityGlobals) = postSolution
		SolutionGuid = {F3A64A0A-E642-4FAA-AF17-483FE9A8216D}
	EndGlobalSection
EndGlobal
